// !$*UTF8*$!
{
	archiveVersion = 1;
	classes = {
	};
	objectVersion = 46;
	objects = {

/* Begin PBXBuildFile section */
		38cbaa91c8fb36aa5801ecea /* main.cpp in Sources */ = {isa = PBXBuildFile; fileRef = 3beb60cf5471bff12b64010b /* main.cpp */; };
		794d3a500cbc8e439a19f4f1 /* hellolib.a in Frameworks */ = {isa = PBXBuildFile; fileRef = 9e9d4a8e9b4e7fbafecf6cb4 /* hellolib.a */; };
/* End PBXBuildFile section */

/* Begin PBXContainerItemProxy section */
		b602c8709e96ccaf77d99f26 /* PBXContainerItemProxy */ = {
			isa = PBXContainerItemProxy;
			containerPortal = 3010eb45772bb49007c383da /* hellolib.xcodeproj */;
			proxyType = 1;
			remoteGlobalIDString = 4870cb8b8220bcb7b6849c60;
			remoteInfo = hellolib;
		};
		d40ccfa35a7dd3db8f7ff564 /* PBXContainerItemProxy */ = {
			isa = PBXContainerItemProxy;
			containerPortal = 3010eb45772bb49007c383da /* hellolib.xcodeproj */;
			proxyType = 2;
			remoteGlobalIDString = 1752d0c5119b152d81411b41;
			remoteInfo = hellolib;
		};
/* End PBXContainerItemProxy section */

/* Begin PBXFileReference section */
		1b26e4f24a8a71bbfdad8273 /* helloworld.app */ = {isa = PBXFileReference; explicitFileType = wrapper.application; includeInIndex = 0; path = helloworld.app; sourceTree = BUILT_PRODUCTS_DIR; };
		3010eb45772bb49007c383da /* hellolib.xcodeproj */ = {isa = PBXFileReference; fileEncoding = 4; lastKnownFileType = "wrapper.pb-project"; name = hellolib.xcodeproj; path = /Users/ken/github/kjmac123/metabuilder/metabuilder/examples/helloworld/tmp/helloworld/xcode_osx/hellolib.xcodeproj; sourceTree = "<group>"; };
		3beb60cf5471bff12b64010b /* main.cpp */ = {isa = PBXFileReference; fileEncoding = 4; lastKnownFileType = sourcecode.cpp.cpp; name = main.cpp; path = /Users/ken/github/kjmac123/metabuilder/metabuilder/examples/helloworld/main.cpp; sourceTree = "<group>"; };
/* End PBXFileReference section */

/* Begin PBXFrameworksBuildPhase section */
		BE854EDF18CA1112008EAFCD /* Frameworks */ = {
			isa = PBXFrameworksBuildPhase;
			buildActionMask = 2147483647;
			files = (
				794d3a500cbc8e439a19f4f1 /* hellolib.a in Frameworks */,
			);
			runOnlyForDeploymentPostprocessing = 0;
		};
/* End PBXFrameworksBuildPhase section */

/* Begin PBXGroup section */
		4d6de62219e87c7627de22c9 /* Products */ = {
			isa = PBXGroup;
			children = (
				9e9d4a8e9b4e7fbafecf6cb4 /* hellolib.a */,
			);
			name = Products;
			sourceTree = "<group>";
		};
		BE854ED918CA1112008EAFCD = {
			isa = PBXGroup;
			children = (
				BE854EEF18CA1112008EAFCD /* Source */,
				BE854EE418CA1112008EAFCD /* Frameworks */,
				BE854EE318CA1112008EAFCD /* Products */,
				3010eb45772bb49007c383da /* hellolib.xcodeproj */,
			);
			sourceTree = "<group>";
		};
		BE854EE318CA1112008EAFCD /* Products */ = {
			isa = PBXGroup;
			children = (
				1b26e4f24a8a71bbfdad8273 /* helloworld.app */,
			);
			name = Products;
			sourceTree = "<group>";
		};
		BE854EE418CA1112008EAFCD /* Frameworks */ = {
			isa = PBXGroup;
			children = (
			);
			name = Frameworks;
			sourceTree = "<group>";
		};
		BE854EEF18CA1112008EAFCD /* Source */ = {
			isa = PBXGroup;
			children = (
				3beb60cf5471bff12b64010b /* main.cpp */,
			);
			name = Source;
			sourceTree = "<group>";
		};
/* End PBXGroup section */

/* Begin PBXNativeTarget section */
		0a394595e177269966270f05 /* helloworld */ = {
			isa = PBXNativeTarget;
			buildConfigurationList = BE854F1F18CA1112008EAFCD /* Build configuration list for PBXNativeTarget "helloworld" */;
			buildPhases = (
				BE854EDE18CA1112008EAFCD /* Sources */,
				BE854EDF18CA1112008EAFCD /* Frameworks */,
				BE854EE018CA1112008EAFCD /* Resources */,
			);
			buildRules = (
			);
			dependencies = (
				9290e2fea3f720c835b7f795 /* PBXTargetDependency */,
			);
			name = helloworld;
			productName = helloworld;
			productReference = 1b26e4f24a8a71bbfdad8273 /* helloworld.app */;
			productType = "com.apple.product-type.application";
		};
/* End PBXNativeTarget section */

/* Begin PBXProject section */
		1511612b46e314449e6dffb6 /* Project object */ = {
			isa = PBXProject;
			attributes = {
				LastUpgradeCheck = 0500;
				ORGANIZATIONNAME = metabuild;
			};
			buildConfigurationList = BE854EDD18CA1112008EAFCD /* Build configuration list for PBXProject "helloworld" */;
			compatibilityVersion = "Xcode 3.2";
			developmentRegion = English;
			hasScannedForEncodings = 0;
			knownRegions = (
				en,
				Base,
			);
			mainGroup = BE854ED918CA1112008EAFCD;
			productRefGroup = BE854EE318CA1112008EAFCD /* Products */;
			projectDirPath = "";
			projectReferences = (
				{
					ProductGroup = 4d6de62219e87c7627de22c9 /* Products */;
					ProjectRef = 3010eb45772bb49007c383da /* hellolib.xcodeproj */;
				},
			);
			projectRoot = "";
			targets = (
				0a394595e177269966270f05 /* helloworld */,
			);
		};
/* End PBXProject section */

/* Begin PBXReferenceProxy section */
		9e9d4a8e9b4e7fbafecf6cb4 /* hellolib.a */ = {
			isa = PBXReferenceProxy;
			fileType = archive.ar;
			name = hellolib.a;
			path = libhellolib.a;
			remoteRef = d40ccfa35a7dd3db8f7ff564 /* PBXContainerItemProxy */;
			sourceTree = BUILT_PRODUCTS_DIR;
		};
/* End PBXReferenceProxy section */

/* Begin PBXResourcesBuildPhase section */
		BE854EE018CA1112008EAFCD /* Resources */ = {
			isa = PBXResourcesBuildPhase;
			buildActionMask = 2147483647;
			files = (
			);
			runOnlyForDeploymentPostprocessing = 0;
		};
/* End PBXResourcesBuildPhase section */

/* Begin PBXSourcesBuildPhase section */
		BE854EDE18CA1112008EAFCD /* Sources */ = {
			isa = PBXSourcesBuildPhase;
			buildActionMask = 2147483647;
			files = (
				38cbaa91c8fb36aa5801ecea /* main.cpp in Sources */,
			);
			runOnlyForDeploymentPostprocessing = 0;
		};
/* End PBXSourcesBuildPhase section */

/* Begin PBXTargetDependency section */
		9290e2fea3f720c835b7f795 /* PBXTargetDependency */ = {
			isa = PBXTargetDependency;
			name = hellolib;
			targetProxy = b602c8709e96ccaf77d99f26 /* PBXContainerItemProxy */;
		};
/* End PBXTargetDependency section */

/* Begin XCBuildConfiguration section */
		00d97bec7ee2bd29fe9d1f91 /* Debug */ = {
			isa = XCBuildConfiguration;
			buildSettings = {
				ALWAYS_SEARCH_USER_PATHS = NO;
				CLANG_CXX_LANGUAGE_STANDARD = "gnu++0x";
				CLANG_CXX_LIBRARY = "libc++";
				CLANG_ENABLE_OBJC_ARC = YES;
				CLANG_WARN_BOOL_CONVERSION = YES;
				CLANG_WARN_CONSTANT_CONVERSION = YES;
				CLANG_WARN_DIRECT_OBJC_ISA_USAGE = YES_ERROR;
				CLANG_WARN_EMPTY_BODY = YES;
				CLANG_WARN_ENUM_CONVERSION = YES;
				CLANG_WARN_INT_CONVERSION = YES;
				CLANG_WARN_OBJC_ROOT_CLASS = YES_ERROR;
				CLANG_WARN__DUPLICATE_METHOD_MATCH = YES;
				COPY_PHASE_STRIP = NO;
				FRAMEWORK_SEARCH_PATHS = "$(inherited)";
				GCC_C_LANGUAGE_STANDARD = gnu99;
				GCC_DYNAMIC_NO_PIC = NO;
				GCC_ENABLE_OBJC_EXCEPTIONS = YES;
				GCC_PREPROCESSOR_DEFINITIONS = (
					METABUILDER,
					LUA_ANSI,
					PLATFORM_IOS,
					PLATFORM_POSIX,
					DVPLATFORM_OSX,
					"DEBUG=1",
					BUILD_CONFIG_DEBUG,
					DV_DEBUGVAR_ENABLED,
					"$(inherited)",
				);
				GCC_SYMBOLS_PRIVATE_EXTERN = NO;
				GCC_WARN_64_TO_32_BIT_CONVERSION = YES;
				GCC_WARN_ABOUT_RETURN_TYPE = YES_ERROR;
				GCC_WARN_UNDECLARED_SELECTOR = YES;
				GCC_WARN_UNUSED_FUNCTION = YES;
				GCC_WARN_UNUSED_VARIABLE = YES;
				HEADER_SEARCH_PATHS = (
					"$(inherited)",
					/Applications/Xcode.app/Contents/Developer/Toolchains/XcodeDefault.xctoolchain/usr/include,
					/Users/ken/github/kjmac123/metabuilder/metabuilder/examples/helloworld/../hellolib,
				);
				MACOSX_DEPLOYMENT_TARGET = 10.9;
				ONLY_ACTIVE_ARCH = YES;
				SDKROOT = macosx;
			};
			name = Debug;
		};
		105f5a4620f47214a2f65d2c /* Release */ = {
			isa = XCBuildConfiguration;
			buildSettings = {
				ALWAYS_SEARCH_USER_PATHS = NO;
				CLANG_CXX_LANGUAGE_STANDARD = "gnu++0x";
				CLANG_CXX_LIBRARY = "libc++";
				CLANG_ENABLE_OBJC_ARC = YES;
				CLANG_WARN_BOOL_CONVERSION = YES;
				CLANG_WARN_CONSTANT_CONVERSION = YES;
				CLANG_WARN_DIRECT_OBJC_ISA_USAGE = YES_ERROR;
				CLANG_WARN_EMPTY_BODY = YES;
				CLANG_WARN_ENUM_CONVERSION = YES;
				CLANG_WARN_INT_CONVERSION = YES;
				CLANG_WARN_OBJC_ROOT_CLASS = YES_ERROR;
				CLANG_WARN__DUPLICATE_METHOD_MATCH = YES;
				COPY_PHASE_STRIP = YES;
				DEBUG_INFORMATION_FORMAT = "dwarf-with-dsym";
				ENABLE_NS_ASSERTIONS = NO;
				FRAMEWORK_SEARCH_PATHS = "$(inherited)";
				GCC_C_LANGUAGE_STANDARD = gnu99;
				GCC_DYNAMIC_NO_PIC = NO;
				GCC_ENABLE_OBJC_EXCEPTIONS = YES;
				GCC_PREPROCESSOR_DEFINITIONS = (
					METABUILDER,
					LUA_ANSI,
					PLATFORM_IOS,
					PLATFORM_POSIX,
					DVPLATFORM_OSX,
					BUILD_CONFIG_RELEASE,
					DV_DEBUGVAR_ENABLED,
					"$(inherited)",
				);
				GCC_SYMBOLS_PRIVATE_EXTERN = NO;
				GCC_WARN_64_TO_32_BIT_CONVERSION = YES;
				GCC_WARN_ABOUT_RETURN_TYPE = YES_ERROR;
				GCC_WARN_UNDECLARED_SELECTOR = YES;
				GCC_WARN_UNUSED_FUNCTION = YES;
				GCC_WARN_UNUSED_VARIABLE = YES;
				HEADER_SEARCH_PATHS = (
					"$(inherited)",
					/Applications/Xcode.app/Contents/Developer/Toolchains/XcodeDefault.xctoolchain/usr/include,
					/Users/ken/github/kjmac123/metabuilder/metabuilder/examples/helloworld/../hellolib,
				);
				MACOSX_DEPLOYMENT_TARGET = 10.9;
				ONLY_ACTIVE_ARCH = YES;
				SDKROOT = macosx;
			};
			name = Release;
		};
		6e3701778e92d559943c5950 /* Master */ = {
			isa = XCBuildConfiguration;
			buildSettings = {
				ASSETCATALOG_COMPILER_APPICON_NAME = AppIcon;
				ASSETCATALOG_COMPILER_LAUNCHIMAGE_NAME = LaunchImage;
				GCC_PRECOMPILE_PREFIX_HEADER = NO;
				PRODUCT_NAME = "$(TARGET_NAME)";
				WRAPPER_EXTENSION = app;
			};
			name = Master;
		};
		7df018e174bb5f0558f3644a /* Debug */ = {
			isa = XCBuildConfiguration;
			buildSettings = {
				ASSETCATALOG_COMPILER_APPICON_NAME = AppIcon;
				ASSETCATALOG_COMPILER_LAUNCHIMAGE_NAME = LaunchImage;
				GCC_PRECOMPILE_PREFIX_HEADER = NO;
				PRODUCT_NAME = "$(TARGET_NAME)";
				WRAPPER_EXTENSION = app;
			};
			name = Debug;
		};
		991a944e65e2c53b5fc129fd /* Master */ = {
			isa = XCBuildConfiguration;
			buildSettings = {
				ALWAYS_SEARCH_USER_PATHS = NO;
				CLANG_CXX_LANGUAGE_STANDARD = "gnu++0x";
				CLANG_CXX_LIBRARY = "libc++";
				CLANG_ENABLE_OBJC_ARC = YES;
				CLANG_WARN_BOOL_CONVERSION = YES;
				CLANG_WARN_CONSTANT_CONVERSION = YES;
				CLANG_WARN_DIRECT_OBJC_ISA_USAGE = YES_ERROR;
				CLANG_WARN_EMPTY_BODY = YES;
				CLANG_WARN_ENUM_CONVERSION = YES;
				CLANG_WARN_INT_CONVERSION = YES;
				CLANG_WARN_OBJC_ROOT_CLASS = YES_ERROR;
				CLANG_WARN__DUPLICATE_METHOD_MATCH = YES;
				COPY_PHASE_STRIP = YES;
				DEBUG_INFORMATION_FORMAT = "dwarf-with-dsym";
				ENABLE_NS_ASSERTIONS = NO;
				FRAMEWORK_SEARCH_PATHS = "$(inherited)";
				GCC_C_LANGUAGE_STANDARD = gnu99;
				GCC_DYNAMIC_NO_PIC = NO;
				GCC_ENABLE_OBJC_EXCEPTIONS = YES;
				GCC_PREPROCESSOR_DEFINITIONS = (
					METABUILDER,
					LUA_ANSI,
					PLATFORM_IOS,
					PLATFORM_POSIX,
					DVPLATFORM_OSX,
					BUILD_CONFIG_MASTER,
					"$(inherited)",
				);
				GCC_SYMBOLS_PRIVATE_EXTERN = NO;
				GCC_WARN_64_TO_32_BIT_CONVERSION = YES;
				GCC_WARN_ABOUT_RETURN_TYPE = YES_ERROR;
				GCC_WARN_UNDECLARED_SELECTOR = YES;
				GCC_WARN_UNUSED_FUNCTION = YES;
				GCC_WARN_UNUSED_VARIABLE = YES;
				HEADER_SEARCH_PATHS = (
					"$(inherited)",
					/Applications/Xcode.app/Contents/Developer/Toolchains/XcodeDefault.xctoolchain/usr/include,
					/Users/ken/github/kjmac123/metabuilder/metabuilder/examples/helloworld/../hellolib,
				);
				MACOSX_DEPLOYMENT_TARGET = 10.9;
				ONLY_ACTIVE_ARCH = YES;
				SDKROOT = macosx;
			};
			name = Master;
		};
		de80c701939917ceaa1e200a /* Release */ = {
			isa = XCBuildConfiguration;
			buildSettings = {
				ASSETCATALOG_COMPILER_APPICON_NAME = AppIcon;
				ASSETCATALOG_COMPILER_LAUNCHIMAGE_NAME = LaunchImage;
				GCC_PRECOMPILE_PREFIX_HEADER = NO;
				PRODUCT_NAME = "$(TARGET_NAME)";
				WRAPPER_EXTENSION = app;
			};
			name = Release;
		};
/* End XCBuildConfiguration section */

/* Begin XCConfigurationList section */
		BE854EDD18CA1112008EAFCD /* Build configuration list for PBXProject "helloworld" */ = {
			isa = XCConfigurationList;
			buildConfigurations = (
				00d97bec7ee2bd29fe9d1f91 /* Debug */,
				105f5a4620f47214a2f65d2c /* Release */,
				991a944e65e2c53b5fc129fd /* Master */,
			);
			defaultConfigurationIsVisible = 0;
			defaultConfigurationName = Release;
		};
		BE854F1F18CA1112008EAFCD /* Build configuration list for PBXNativeTarget "helloworld" */ = {
			isa = XCConfigurationList;
			buildConfigurations = (
				7df018e174bb5f0558f3644a /* Debug */,
				de80c701939917ceaa1e200a /* Release */,
				6e3701778e92d559943c5950 /* Master */,
			);
			defaultConfigurationIsVisible = 0;
			defaultConfigurationName = Release;
		};
/* End XCConfigurationList section */
	};
	rootObject = 1511612b46e314449e6dffb6 /* Project object */;
}
