<?xml version="1.0" encoding="utf-8"?>
<Project ToolsVersion="4.0" xmlns="http://schemas.microsoft.com/developer/msbuild/2003">
  <ItemGroup>
    <Filter Include="src">
      <UniqueIdentifier>{cb88a7e7-f6c3-4312-9c34-0d73cd9a770b}</UniqueIdentifier>
    </Filter>
    <Filter Include="src\platform">
      <UniqueIdentifier>{27547e9d-fd9d-4097-9e2d-95218d2b6cd6}</UniqueIdentifier>
    </Filter>
    <Filter Include="src\platform\Windows">
      <UniqueIdentifier>{9c21be6f-d73b-483e-b3fa-8afca0bdf9dc}</UniqueIdentifier>
    </Filter>
    <Filter Include="external">
      <UniqueIdentifier>{296f44ac-8103-4a39-b320-d4b11e4027e7}</UniqueIdentifier>
    </Filter>
    <Filter Include="external\ezOptionParser">
      <UniqueIdentifier>{f4b761f8-6beb-4d0d-adc9-a9fb01d3cefa}</UniqueIdentifier>
    </Filter>
    <Filter Include="external\lua">
      <UniqueIdentifier>{d8b55e1c-0be6-40d3-b67d-4e3269e6d046}</UniqueIdentifier>
    </Filter>
    <Filter Include="external\lua\src">
      <UniqueIdentifier>{46ac46b1-44a5-4c4f-aa2d-22d0d8175067}</UniqueIdentifier>
    </Filter>
    <Filter Include="src\platform\OSX">
      <UniqueIdentifier>{f3c533be-6773-48fe-96a7-c3856d3b3eb6}</UniqueIdentifier>
    </Filter>
  </ItemGroup>
  <ItemGroup>
    <ClCompile Include="src\common.cpp">
      <Filter>src</Filter>
    </ClCompile>
    <ClCompile Include="src\main.cpp">
      <Filter>src</Filter>
    </ClCompile>
    <ClCompile Include="src\metabase.cpp">
      <Filter>src</Filter>
    </ClCompile>
    <ClCompile Include="src\solution.cpp">
      <Filter>src</Filter>
    </ClCompile>
    <ClCompile Include="src\target.cpp">
      <Filter>src</Filter>
    </ClCompile>
    <ClCompile Include="src\writer.cpp">
      <Filter>src</Filter>
    </ClCompile>
    <ClCompile Include="src\writer_xcode.cpp">
      <Filter>src</Filter>
    </ClCompile>
    <ClCompile Include="src\platform\Windows\platform_windows.cpp">
      <Filter>src\platform\Windows</Filter>
    </ClCompile>
    <ClCompile Include="..\external\lua-5.2.2\src\lundump.c">
      <Filter>external\lua\src</Filter>
    </ClCompile>
    <ClCompile Include="..\external\lua-5.2.2\src\ltm.c">
      <Filter>external\lua\src</Filter>
    </ClCompile>
    <ClCompile Include="..\external\lua-5.2.2\src\ltablib.c">
      <Filter>external\lua\src</Filter>
    </ClCompile>
    <ClCompile Include="..\external\lua-5.2.2\src\ltable.c">
      <Filter>external\lua\src</Filter>
    </ClCompile>
    <ClCompile Include="..\external\lua-5.2.2\src\lstrlib.c">
      <Filter>external\lua\src</Filter>
    </ClCompile>
    <ClCompile Include="..\external\lua-5.2.2\src\lstring.c">
      <Filter>external\lua\src</Filter>
    </ClCompile>
    <ClCompile Include="..\external\lua-5.2.2\src\lstate.c">
      <Filter>external\lua\src</Filter>
    </ClCompile>
    <ClCompile Include="..\external\lua-5.2.2\src\lparser.c">
      <Filter>external\lua\src</Filter>
    </ClCompile>
    <ClCompile Include="..\external\lua-5.2.2\src\loslib.c">
      <Filter>external\lua\src</Filter>
    </ClCompile>
    <ClCompile Include="..\external\lua-5.2.2\src\lopcodes.c">
      <Filter>external\lua\src</Filter>
    </ClCompile>
    <ClCompile Include="..\external\lua-5.2.2\src\lobject.c">
      <Filter>external\lua\src</Filter>
    </ClCompile>
    <ClCompile Include="..\external\lua-5.2.2\src\loadlib.c">
      <Filter>external\lua\src</Filter>
    </ClCompile>
    <ClCompile Include="..\external\lua-5.2.2\src\lmem.c">
      <Filter>external\lua\src</Filter>
    </ClCompile>
    <ClCompile Include="..\external\lua-5.2.2\src\lmathlib.c">
      <Filter>external\lua\src</Filter>
    </ClCompile>
    <ClCompile Include="..\external\lua-5.2.2\src\llex.c">
      <Filter>external\lua\src</Filter>
    </ClCompile>
    <ClCompile Include="..\external\lua-5.2.2\src\liolib.c">
      <Filter>external\lua\src</Filter>
    </ClCompile>
    <ClCompile Include="..\external\lua-5.2.2\src\linit.c">
      <Filter>external\lua\src</Filter>
    </ClCompile>
    <ClCompile Include="..\external\lua-5.2.2\src\lgc.c">
      <Filter>external\lua\src</Filter>
    </ClCompile>
    <ClCompile Include="..\external\lua-5.2.2\src\lfunc.c">
      <Filter>external\lua\src</Filter>
    </ClCompile>
    <ClCompile Include="..\external\lua-5.2.2\src\ldump.c">
      <Filter>external\lua\src</Filter>
    </ClCompile>
    <ClCompile Include="..\external\lua-5.2.2\src\ldo.c">
      <Filter>external\lua\src</Filter>
    </ClCompile>
    <ClCompile Include="..\external\lua-5.2.2\src\ldebug.c">
      <Filter>external\lua\src</Filter>
    </ClCompile>
    <ClCompile Include="..\external\lua-5.2.2\src\ldblib.c">
      <Filter>external\lua\src</Filter>
    </ClCompile>
    <ClCompile Include="..\external\lua-5.2.2\src\lctype.c">
      <Filter>external\lua\src</Filter>
    </ClCompile>
    <ClCompile Include="..\external\lua-5.2.2\src\lcorolib.c">
      <Filter>external\lua\src</Filter>
    </ClCompile>
    <ClCompile Include="..\external\lua-5.2.2\src\lcode.c">
      <Filter>external\lua\src</Filter>
    </ClCompile>
    <ClCompile Include="..\external\lua-5.2.2\src\lbitlib.c">
      <Filter>external\lua\src</Filter>
    </ClCompile>
    <ClCompile Include="..\external\lua-5.2.2\src\lbaselib.c">
      <Filter>external\lua\src</Filter>
    </ClCompile>
    <ClCompile Include="..\external\lua-5.2.2\src\lauxlib.c">
      <Filter>external\lua\src</Filter>
    </ClCompile>
    <ClCompile Include="..\external\lua-5.2.2\src\lapi.c">
      <Filter>external\lua\src</Filter>
    </ClCompile>
    <ClCompile Include="..\external\lua-5.2.2\src\lzio.c">
      <Filter>external\lua\src</Filter>
    </ClCompile>
    <ClCompile Include="..\external\lua-5.2.2\src\lvm.c">
      <Filter>external\lua\src</Filter>
    </ClCompile>
    <ClCompile Include="src\platform\OSX\platform_osx.cpp">
      <Filter>src\platform\OSX</Filter>
    </ClCompile>
    <ClCompile Include="src\writer_msvc.cpp">
      <Filter>src</Filter>
    </ClCompile>
    <ClCompile Include="src\makesetup.cpp">
      <Filter>src</Filter>
    </ClCompile>
    <ClCompile Include="src\core.cpp">
      <Filter>src</Filter>
    </ClCompile>
    <ClCompile Include="src\platform\platform.cpp">
      <Filter>src\platform</Filter>
    </ClCompile>
    <ClCompile Include="src\block.cpp">
      <Filter>src</Filter>
    </ClCompile>
    <ClCompile Include="src\configparam.cpp">
      <Filter>src</Filter>
    </ClCompile>
    <ClCompile Include="src\platformparam.cpp">
      <Filter>src</Filter>
    </ClCompile>
  </ItemGroup>
  <ItemGroup>
    <ClInclude Include="src\common.h">
      <Filter>src</Filter>
    </ClInclude>
    <ClInclude Include="src\metabase.h">
      <Filter>src</Filter>
    </ClInclude>
    <ClInclude Include="src\solution.h">
      <Filter>src</Filter>
    </ClInclude>
    <ClInclude Include="src\target.h">
      <Filter>src</Filter>
    </ClInclude>
    <ClInclude Include="src\writer.h">
      <Filter>src</Filter>
    </ClInclude>
    <ClInclude Include="src\writer_xcode.h">
      <Filter>src</Filter>
    </ClInclude>
    <ClInclude Include="src\platform\platform.h">
      <Filter>src\platform</Filter>
    </ClInclude>
    <ClInclude Include="src\core.h">
      <Filter>src</Filter>
    </ClInclude>
    <ClInclude Include="src\metabuilder_pch.h">
      <Filter>src</Filter>
    </ClInclude>
    <ClInclude Include="..\external\lua-5.2.2\src\lualib.h">
      <Filter>external\lua\src</Filter>
    </ClInclude>
    <ClInclude Include="..\external\lua-5.2.2\src\luaconf.h">
      <Filter>external\lua\src</Filter>
    </ClInclude>
    <ClInclude Include="..\external\lua-5.2.2\src\lua.hpp">
      <Filter>external\lua\src</Filter>
    </ClInclude>
    <ClInclude Include="..\external\lua-5.2.2\src\lua.h">
      <Filter>external\lua\src</Filter>
    </ClInclude>
    <ClInclude Include="..\external\lua-5.2.2\src\ltm.h">
      <Filter>external\lua\src</Filter>
    </ClInclude>
    <ClInclude Include="..\external\lua-5.2.2\src\ltable.h">
      <Filter>external\lua\src</Filter>
    </ClInclude>
    <ClInclude Include="..\external\lua-5.2.2\src\lstring.h">
      <Filter>external\lua\src</Filter>
    </ClInclude>
    <ClInclude Include="..\external\lua-5.2.2\src\lstate.h">
      <Filter>external\lua\src</Filter>
    </ClInclude>
    <ClInclude Include="..\external\lua-5.2.2\src\lparser.h">
      <Filter>external\lua\src</Filter>
    </ClInclude>
    <ClInclude Include="..\external\lua-5.2.2\src\lopcodes.h">
      <Filter>external\lua\src</Filter>
    </ClInclude>
    <ClInclude Include="..\external\lua-5.2.2\src\lobject.h">
      <Filter>external\lua\src</Filter>
    </ClInclude>
    <ClInclude Include="..\external\lua-5.2.2\src\lmem.h">
      <Filter>external\lua\src</Filter>
    </ClInclude>
    <ClInclude Include="..\external\lua-5.2.2\src\llimits.h">
      <Filter>external\lua\src</Filter>
    </ClInclude>
    <ClInclude Include="..\external\lua-5.2.2\src\llex.h">
      <Filter>external\lua\src</Filter>
    </ClInclude>
    <ClInclude Include="..\external\lua-5.2.2\src\lgc.h">
      <Filter>external\lua\src</Filter>
    </ClInclude>
    <ClInclude Include="..\external\lua-5.2.2\src\lfunc.h">
      <Filter>external\lua\src</Filter>
    </ClInclude>
    <ClInclude Include="..\external\lua-5.2.2\src\ldo.h">
      <Filter>external\lua\src</Filter>
    </ClInclude>
    <ClInclude Include="..\external\lua-5.2.2\src\ldebug.h">
      <Filter>external\lua\src</Filter>
    </ClInclude>
    <ClInclude Include="..\external\lua-5.2.2\src\lctype.h">
      <Filter>external\lua\src</Filter>
    </ClInclude>
    <ClInclude Include="..\external\lua-5.2.2\src\lcode.h">
      <Filter>external\lua\src</Filter>
    </ClInclude>
    <ClInclude Include="..\external\lua-5.2.2\src\lauxlib.h">
      <Filter>external\lua\src</Filter>
    </ClInclude>
    <ClInclude Include="..\external\lua-5.2.2\src\lapi.h">
      <Filter>external\lua\src</Filter>
    </ClInclude>
    <ClInclude Include="..\external\lua-5.2.2\src\lzio.h">
      <Filter>external\lua\src</Filter>
    </ClInclude>
    <ClInclude Include="..\external\lua-5.2.2\src\lvm.h">
      <Filter>external\lua\src</Filter>
    </ClInclude>
    <ClInclude Include="..\external\lua-5.2.2\src\lundump.h">
      <Filter>external\lua\src</Filter>
    </ClInclude>
    <ClInclude Include="..\external\ezOptionParser-0.2.1\ezOptionParser.hpp">
      <Filter>external\ezOptionParser</Filter>
    </ClInclude>
    <ClInclude Include="src\writer_msvc.h">
      <Filter>src</Filter>
    </ClInclude>
    <ClInclude Include="src\makesetup.h">
      <Filter>src</Filter>
    </ClInclude>
    <ClInclude Include="src\block.h">
      <Filter>src</Filter>
    </ClInclude>
    <ClInclude Include="src\configparam.h">
      <Filter>src</Filter>
    </ClInclude>
    <ClInclude Include="src\platformparam.h">
      <Filter>src</Filter>
    </ClInclude>
  </ItemGroup>
  <ItemGroup>
    <None Include="src\notes.txt">
      <Filter>src</Filter>
    </None>
  </ItemGroup>
</Project>