
Microsoft Visual Studio Solution File, Format Version 11.00
# Visual C++ Express 2010
Project("{8BC9CEB8-8B4A-11D0-8D11-00A0C91BC942}") = "metabuilder", "metabuilder.vcxproj", "{68ACA831-1ACB-4771-AD12-73139445F084}"
EndProject
Global
	GlobalSection(SolutionConfigurationPlatforms) = preSolution
		Debug|Win32 = Debug|Win32
		Release|Win32 = Release|Win32
	EndGlobalSection
	GlobalSection(ProjectConfigurationPlatforms) = postSolution
		{68ACA831-1ACB-4771-AD12-73139445F084}.Debug|Win32.ActiveCfg = Debug|Win32
		{68ACA831-1ACB-4771-AD12-73139445F084}.Debug|Win32.Build.0 = Debug|Win32
		{68ACA831-1ACB-4771-AD12-73139445F084}.Release|Win32.ActiveCfg = Release|Win32
		{68ACA831-1ACB-4771-AD12-73139445F084}.Release|Win32.Build.0 = Release|Win32
	EndGlobalSection
	GlobalSection(SolutionProperties) = preSolution
		HideSolutionNode = FALSE
	EndGlobalSection
EndGlobal
