// !$*UTF8*$!					
{						
	archiveVersion = 1;			
	classes = {				
	};					
	objectVersion = 46;			
	objects = {				
						
/* Begin PBXBuildFile section */
		5541fbc51f0a7861e8c26a75 /* metabuilder.lua */ = {isa = PBXBuildFile; fileRef = 84d741d99d2002e407be703b; };
		dc5130956e364b1a520fac39 /* src/lapi.c */ = {isa = PBXBuildFile; fileRef = c3eb7eef20318df14b0237a2; };
		e0da4c2f5c74f6bc37a113c1 /* src/lapi.h */ = {isa = PBXBuildFile; fileRef = 356861d12ba0bb5f8037233f; };
		637d37863e9ca3a4f4a1a4bc /* src/lauxlib.c */ = {isa = PBXBuildFile; fileRef = fd2c572aea66baf7751d879f; };
		15899781ba2660875ea33e50 /* src/lauxlib.h */ = {isa = PBXBuildFile; fileRef = 75469a7ec0310ad19534553d; };
		5195462243d9432656892f92 /* src/lbaselib.c */ = {isa = PBXBuildFile; fileRef = 17a66320920e2bc7c2812391; };
		b4340c89d2c63580d2302768 /* src/lbitlib.c */ = {isa = PBXBuildFile; fileRef = 7b0d33a9e679c55d1d249517; };
		0601256839317f14be372c3d /* src/lcode.c */ = {isa = PBXBuildFile; fileRef = 6c4bb086a413e4e404716e12; };
		01b9951f9b7d455779a971b5 /* src/lcode.h */ = {isa = PBXBuildFile; fileRef = ba40a4699901921a87bb701e; };
		1dffe032c0ee5879662a9262 /* src/lcorolib.c */ = {isa = PBXBuildFile; fileRef = 1e0facfc25ce775331de8473; };
		ec61e5cbf54cf5303bb7b3d6 /* src/lctype.c */ = {isa = PBXBuildFile; fileRef = f2bed08c404f5dd2fafcf9d5; };
		2af228e3109609c9f06bf87d /* src/lctype.h */ = {isa = PBXBuildFile; fileRef = 59aa1bf477bb0af62fa80e4c; };
		69aa101017dde07a56a7ec74 /* src/ldblib.c */ = {isa = PBXBuildFile; fileRef = 9e6dffb646e314441511612b; };
		95fd478e2f5e3bd2513ad1fa /* src/ldebug.c */ = {isa = PBXBuildFile; fileRef = df52d4c91f5c476b40eb541f; };
		6679ec14c922d5b874c13b25 /* src/ldebug.h */ = {isa = PBXBuildFile; fileRef = 25a45ae2bc8fa85c5f5fbea4; };
		6d675a37970de1d0b5272224 /* src/ldo.c */ = {isa = PBXBuildFile; fileRef = fdad82734a8a71bb1b26e4f2; };
		b26b847ffe80c8fd52666f06 /* src/ldo.h */ = {isa = PBXBuildFile; fileRef = 66270f05e17726990a394595; };
		c68a0b972317a621e2cfce6a /* src/ldump.c */ = {isa = PBXBuildFile; fileRef = 469309a31a8dff599938a52c; };
		9843ea0b98856204f3b983a3 /* src/lfunc.c */ = {isa = PBXBuildFile; fileRef = 2b64010b5471bff13beb60cf; };
		4237e530809c674af81c5cce /* src/lfunc.h */ = {isa = PBXBuildFile; fileRef = 5801eceac8fb36aa38cbaa91; };
		37a45aa846a542fcc86175cf /* src/lgc.c */ = {isa = PBXBuildFile; fileRef = 6d9e6ae7289be7defa5a7380; };
		f2a6150c020d09a404376857 /* src/lgc.h */ = {isa = PBXBuildFile; fileRef = fe9d1f917ee2bd2900d97bec; };
		2578d548a6901232d1ba616f /* src/linit.c */ = {isa = PBXBuildFile; fileRef = 58f3644a74bb5f057df018e1; };
		5afffdc4afda5b83af97bbf2 /* src/liolib.c */ = {isa = PBXBuildFile; fileRef = a2f65d2c20f47214105f5a46; };
		23213b09436685ef88705ef1 /* src/llex.c */ = {isa = PBXBuildFile; fileRef = aa1e200a939917cede80c701; };
		c1968412d0302da8f6c22958 /* src/llex.h */ = {isa = PBXBuildFile; fileRef = 5fc129fd65e2c53b991a944e; };
		124c80c042c8cb45479ce20c /* src/lmathlib.c */ = {isa = PBXBuildFile; fileRef = 943c59508e92d5596e370177; };
		11b06f336c491d9fe2623d93 /* src/lmem.c */ = {isa = PBXBuildFile; fileRef = 07c383da772bb4903010eb45; };
		f02856e63c5070117b857137 /* src/lmem.h */ = {isa = PBXBuildFile; fileRef = 9a19f4f10cbc8e43794d3a50; };
		f9ebc0fd693049ac7b10e74c /* src/loadlib.c */ = {isa = PBXBuildFile; fileRef = 0595dec494acac2e6ce8b18a; };
		eada8b6895e79192f4733244 /* src/lobject.c */ = {isa = PBXBuildFile; fileRef = 35b7f795a3f720c89290e2fe; };
		011998dd92b9c06a38618312 /* src/lobject.h */ = {isa = PBXBuildFile; fileRef = 8f7ff5645a7dd3dbd40ccfa3; };
		aaf1fd942f4d54173d40790a /* src/lopcodes.c */ = {isa = PBXBuildFile; fileRef = fecf6cb49b4e7fba9e9d4a8e; };
		aefe9b4b6bea2703cc23d52a /* src/lopcodes.h */ = {isa = PBXBuildFile; fileRef = 77d99f269e96ccafb602c870; };
		085c4c222d78dd4457237fb1 /* src/loslib.c */ = {isa = PBXBuildFile; fileRef = 27de22c919e87c764d6de622; };
		7c589c825f879a7995c5e74c /* src/lparser.c */ = {isa = PBXBuildFile; fileRef = d29eb8d67c3269809926ac09; };
		5834335cd147c2f4a8e997d9 /* src/lparser.h */ = {isa = PBXBuildFile; fileRef = 5984fdd2cf54aca2630d6cfb; };
		aaae1b5625a34e0a0e50dae5 /* src/lstate.c */ = {isa = PBXBuildFile; fileRef = 49c07974291c8fa8b966414a; };
		3465061e3d4c3a00513a6257 /* src/lstate.h */ = {isa = PBXBuildFile; fileRef = 5bc15c7fce6bb44504127b11; };
		b15942936bc18db8f1379929 /* src/lstring.c */ = {isa = PBXBuildFile; fileRef = 6c22255d2fc373b30e3fb75c; };
		83d408ce7902ba438bba0e7b /* src/lstring.h */ = {isa = PBXBuildFile; fileRef = c72022f8f51639c1a7429d68; };
		730b38e5c34ab17214043bf4 /* src/lstrlib.c */ = {isa = PBXBuildFile; fileRef = 91916df222a68c98d0b63cd5; };
		5776ebe56e09bd97c9c5ef6b /* src/ltable.c */ = {isa = PBXBuildFile; fileRef = 9f8843c1591e0b5a1403d306; };
		b980bbd6c7908c124bebfca6 /* src/ltable.h */ = {isa = PBXBuildFile; fileRef = 3c18856cd939db69f8aaf358; };
		3b6f1526969016a4a71b2642 /* src/ltablib.c */ = {isa = PBXBuildFile; fileRef = 59ad7a25a065979bce038819; };
		bd6ca42fa3e49c2454f7bf0e /* src/ltm.c */ = {isa = PBXBuildFile; fileRef = 0629361ff73fb52d4839c0e5; };
		2b2e72c1fac2e5a937386032 /* src/ltm.h */ = {isa = PBXBuildFile; fileRef = 1cde9683f785fc092e929d46; };
		4406e1dbd01e31361a9778f5 /* src/lundump.c */ = {isa = PBXBuildFile; fileRef = 089af03e15cfb986dfb609ff; };
		767b55ec7cc5c120eb205008 /* src/lundump.h */ = {isa = PBXBuildFile; fileRef = a212fef8a66830a5080243da; };
		17f2be5ef0bd7321edd10580 /* src/lvm.c */ = {isa = PBXBuildFile; fileRef = 73908853352fc199e9697d29; };
		fb7f376b99e2d685b2ae7101 /* src/lvm.h */ = {isa = PBXBuildFile; fileRef = 2abd137226537761d846e3dc; };
		3e4f6b4550ee05feddf5d6f4 /* src/lzio.c */ = {isa = PBXBuildFile; fileRef = 6fa265bb5e55cd88fdc1cecc; };
		3fae2d714032fe9c8fc2a2e4 /* src/lzio.h */ = {isa = PBXBuildFile; fileRef = c1d24f1f19bef4dacd4da42a; };
/* End PBXBuildFile section */

/* Begin PBXContainerItemProxy section */
/* End PBXContainerItemProxy section */

/* Begin PBXFileReference section */
		81411b41119b152d1752d0c5 /* lua.a */ = {isa = PBXFileReference; explicitFileType = archive.ar; includeInIndex = 0; path = "lua.a"; sourceTree = BUILT_PRODUCTS_DIR; };
		84d741d99d2002e407be703b /* metabuilder.lua */ = {isa = PBXFileReference; fileEncoding = 4; lastKnownFileType = text; name = "metabuilder.lua"; path = "../../../../external/lua-5.2.2/metabuilder.lua"; sourceTree = "<group>"; };
		c3eb7eef20318df14b0237a2 /* src/lapi.c */ = {isa = PBXFileReference; fileEncoding = 4; lastKnownFileType = sourcecode.c.c; name = "lapi.c"; path = "../../../../external/lua-5.2.2/src/lapi.c"; sourceTree = "<group>"; };
		356861d12ba0bb5f8037233f /* src/lapi.h */ = {isa = PBXFileReference; fileEncoding = 4; lastKnownFileType = sourcecode.c.h; name = "lapi.h"; path = "../../../../external/lua-5.2.2/src/lapi.h"; sourceTree = "<group>"; };
		fd2c572aea66baf7751d879f /* src/lauxlib.c */ = {isa = PBXFileReference; fileEncoding = 4; lastKnownFileType = sourcecode.c.c; name = "lauxlib.c"; path = "../../../../external/lua-5.2.2/src/lauxlib.c"; sourceTree = "<group>"; };
		75469a7ec0310ad19534553d /* src/lauxlib.h */ = {isa = PBXFileReference; fileEncoding = 4; lastKnownFileType = sourcecode.c.h; name = "lauxlib.h"; path = "../../../../external/lua-5.2.2/src/lauxlib.h"; sourceTree = "<group>"; };
		17a66320920e2bc7c2812391 /* src/lbaselib.c */ = {isa = PBXFileReference; fileEncoding = 4; lastKnownFileType = sourcecode.c.c; name = "lbaselib.c"; path = "../../../../external/lua-5.2.2/src/lbaselib.c"; sourceTree = "<group>"; };
		7b0d33a9e679c55d1d249517 /* src/lbitlib.c */ = {isa = PBXFileReference; fileEncoding = 4; lastKnownFileType = sourcecode.c.c; name = "lbitlib.c"; path = "../../../../external/lua-5.2.2/src/lbitlib.c"; sourceTree = "<group>"; };
		6c4bb086a413e4e404716e12 /* src/lcode.c */ = {isa = PBXFileReference; fileEncoding = 4; lastKnownFileType = sourcecode.c.c; name = "lcode.c"; path = "../../../../external/lua-5.2.2/src/lcode.c"; sourceTree = "<group>"; };
		ba40a4699901921a87bb701e /* src/lcode.h */ = {isa = PBXFileReference; fileEncoding = 4; lastKnownFileType = sourcecode.c.h; name = "lcode.h"; path = "../../../../external/lua-5.2.2/src/lcode.h"; sourceTree = "<group>"; };
		1e0facfc25ce775331de8473 /* src/lcorolib.c */ = {isa = PBXFileReference; fileEncoding = 4; lastKnownFileType = sourcecode.c.c; name = "lcorolib.c"; path = "../../../../external/lua-5.2.2/src/lcorolib.c"; sourceTree = "<group>"; };
		f2bed08c404f5dd2fafcf9d5 /* src/lctype.c */ = {isa = PBXFileReference; fileEncoding = 4; lastKnownFileType = sourcecode.c.c; name = "lctype.c"; path = "../../../../external/lua-5.2.2/src/lctype.c"; sourceTree = "<group>"; };
		59aa1bf477bb0af62fa80e4c /* src/lctype.h */ = {isa = PBXFileReference; fileEncoding = 4; lastKnownFileType = sourcecode.c.h; name = "lctype.h"; path = "../../../../external/lua-5.2.2/src/lctype.h"; sourceTree = "<group>"; };
		9e6dffb646e314441511612b /* src/ldblib.c */ = {isa = PBXFileReference; fileEncoding = 4; lastKnownFileType = sourcecode.c.c; name = "ldblib.c"; path = "../../../../external/lua-5.2.2/src/ldblib.c"; sourceTree = "<group>"; };
		df52d4c91f5c476b40eb541f /* src/ldebug.c */ = {isa = PBXFileReference; fileEncoding = 4; lastKnownFileType = sourcecode.c.c; name = "ldebug.c"; path = "../../../../external/lua-5.2.2/src/ldebug.c"; sourceTree = "<group>"; };
		25a45ae2bc8fa85c5f5fbea4 /* src/ldebug.h */ = {isa = PBXFileReference; fileEncoding = 4; lastKnownFileType = sourcecode.c.h; name = "ldebug.h"; path = "../../../../external/lua-5.2.2/src/ldebug.h"; sourceTree = "<group>"; };
		fdad82734a8a71bb1b26e4f2 /* src/ldo.c */ = {isa = PBXFileReference; fileEncoding = 4; lastKnownFileType = sourcecode.c.c; name = "ldo.c"; path = "../../../../external/lua-5.2.2/src/ldo.c"; sourceTree = "<group>"; };
		66270f05e17726990a394595 /* src/ldo.h */ = {isa = PBXFileReference; fileEncoding = 4; lastKnownFileType = sourcecode.c.h; name = "ldo.h"; path = "../../../../external/lua-5.2.2/src/ldo.h"; sourceTree = "<group>"; };
		469309a31a8dff599938a52c /* src/ldump.c */ = {isa = PBXFileReference; fileEncoding = 4; lastKnownFileType = sourcecode.c.c; name = "ldump.c"; path = "../../../../external/lua-5.2.2/src/ldump.c"; sourceTree = "<group>"; };
		2b64010b5471bff13beb60cf /* src/lfunc.c */ = {isa = PBXFileReference; fileEncoding = 4; lastKnownFileType = sourcecode.c.c; name = "lfunc.c"; path = "../../../../external/lua-5.2.2/src/lfunc.c"; sourceTree = "<group>"; };
		5801eceac8fb36aa38cbaa91 /* src/lfunc.h */ = {isa = PBXFileReference; fileEncoding = 4; lastKnownFileType = sourcecode.c.h; name = "lfunc.h"; path = "../../../../external/lua-5.2.2/src/lfunc.h"; sourceTree = "<group>"; };
		6d9e6ae7289be7defa5a7380 /* src/lgc.c */ = {isa = PBXFileReference; fileEncoding = 4; lastKnownFileType = sourcecode.c.c; name = "lgc.c"; path = "../../../../external/lua-5.2.2/src/lgc.c"; sourceTree = "<group>"; };
		fe9d1f917ee2bd2900d97bec /* src/lgc.h */ = {isa = PBXFileReference; fileEncoding = 4; lastKnownFileType = sourcecode.c.h; name = "lgc.h"; path = "../../../../external/lua-5.2.2/src/lgc.h"; sourceTree = "<group>"; };
		58f3644a74bb5f057df018e1 /* src/linit.c */ = {isa = PBXFileReference; fileEncoding = 4; lastKnownFileType = sourcecode.c.c; name = "linit.c"; path = "../../../../external/lua-5.2.2/src/linit.c"; sourceTree = "<group>"; };
		a2f65d2c20f47214105f5a46 /* src/liolib.c */ = {isa = PBXFileReference; fileEncoding = 4; lastKnownFileType = sourcecode.c.c; name = "liolib.c"; path = "../../../../external/lua-5.2.2/src/liolib.c"; sourceTree = "<group>"; };
		aa1e200a939917cede80c701 /* src/llex.c */ = {isa = PBXFileReference; fileEncoding = 4; lastKnownFileType = sourcecode.c.c; name = "llex.c"; path = "../../../../external/lua-5.2.2/src/llex.c"; sourceTree = "<group>"; };
		5fc129fd65e2c53b991a944e /* src/llex.h */ = {isa = PBXFileReference; fileEncoding = 4; lastKnownFileType = sourcecode.c.h; name = "llex.h"; path = "../../../../external/lua-5.2.2/src/llex.h"; sourceTree = "<group>"; };
		943c59508e92d5596e370177 /* src/lmathlib.c */ = {isa = PBXFileReference; fileEncoding = 4; lastKnownFileType = sourcecode.c.c; name = "lmathlib.c"; path = "../../../../external/lua-5.2.2/src/lmathlib.c"; sourceTree = "<group>"; };
		07c383da772bb4903010eb45 /* src/lmem.c */ = {isa = PBXFileReference; fileEncoding = 4; lastKnownFileType = sourcecode.c.c; name = "lmem.c"; path = "../../../../external/lua-5.2.2/src/lmem.c"; sourceTree = "<group>"; };
		9a19f4f10cbc8e43794d3a50 /* src/lmem.h */ = {isa = PBXFileReference; fileEncoding = 4; lastKnownFileType = sourcecode.c.h; name = "lmem.h"; path = "../../../../external/lua-5.2.2/src/lmem.h"; sourceTree = "<group>"; };
		0595dec494acac2e6ce8b18a /* src/loadlib.c */ = {isa = PBXFileReference; fileEncoding = 4; lastKnownFileType = sourcecode.c.c; name = "loadlib.c"; path = "../../../../external/lua-5.2.2/src/loadlib.c"; sourceTree = "<group>"; };
		35b7f795a3f720c89290e2fe /* src/lobject.c */ = {isa = PBXFileReference; fileEncoding = 4; lastKnownFileType = sourcecode.c.c; name = "lobject.c"; path = "../../../../external/lua-5.2.2/src/lobject.c"; sourceTree = "<group>"; };
		8f7ff5645a7dd3dbd40ccfa3 /* src/lobject.h */ = {isa = PBXFileReference; fileEncoding = 4; lastKnownFileType = sourcecode.c.h; name = "lobject.h"; path = "../../../../external/lua-5.2.2/src/lobject.h"; sourceTree = "<group>"; };
		fecf6cb49b4e7fba9e9d4a8e /* src/lopcodes.c */ = {isa = PBXFileReference; fileEncoding = 4; lastKnownFileType = sourcecode.c.c; name = "lopcodes.c"; path = "../../../../external/lua-5.2.2/src/lopcodes.c"; sourceTree = "<group>"; };
		77d99f269e96ccafb602c870 /* src/lopcodes.h */ = {isa = PBXFileReference; fileEncoding = 4; lastKnownFileType = sourcecode.c.h; name = "lopcodes.h"; path = "../../../../external/lua-5.2.2/src/lopcodes.h"; sourceTree = "<group>"; };
		27de22c919e87c764d6de622 /* src/loslib.c */ = {isa = PBXFileReference; fileEncoding = 4; lastKnownFileType = sourcecode.c.c; name = "loslib.c"; path = "../../../../external/lua-5.2.2/src/loslib.c"; sourceTree = "<group>"; };
		d29eb8d67c3269809926ac09 /* src/lparser.c */ = {isa = PBXFileReference; fileEncoding = 4; lastKnownFileType = sourcecode.c.c; name = "lparser.c"; path = "../../../../external/lua-5.2.2/src/lparser.c"; sourceTree = "<group>"; };
		5984fdd2cf54aca2630d6cfb /* src/lparser.h */ = {isa = PBXFileReference; fileEncoding = 4; lastKnownFileType = sourcecode.c.h; name = "lparser.h"; path = "../../../../external/lua-5.2.2/src/lparser.h"; sourceTree = "<group>"; };
		49c07974291c8fa8b966414a /* src/lstate.c */ = {isa = PBXFileReference; fileEncoding = 4; lastKnownFileType = sourcecode.c.c; name = "lstate.c"; path = "../../../../external/lua-5.2.2/src/lstate.c"; sourceTree = "<group>"; };
		5bc15c7fce6bb44504127b11 /* src/lstate.h */ = {isa = PBXFileReference; fileEncoding = 4; lastKnownFileType = sourcecode.c.h; name = "lstate.h"; path = "../../../../external/lua-5.2.2/src/lstate.h"; sourceTree = "<group>"; };
		6c22255d2fc373b30e3fb75c /* src/lstring.c */ = {isa = PBXFileReference; fileEncoding = 4; lastKnownFileType = sourcecode.c.c; name = "lstring.c"; path = "../../../../external/lua-5.2.2/src/lstring.c"; sourceTree = "<group>"; };
		c72022f8f51639c1a7429d68 /* src/lstring.h */ = {isa = PBXFileReference; fileEncoding = 4; lastKnownFileType = sourcecode.c.h; name = "lstring.h"; path = "../../../../external/lua-5.2.2/src/lstring.h"; sourceTree = "<group>"; };
		91916df222a68c98d0b63cd5 /* src/lstrlib.c */ = {isa = PBXFileReference; fileEncoding = 4; lastKnownFileType = sourcecode.c.c; name = "lstrlib.c"; path = "../../../../external/lua-5.2.2/src/lstrlib.c"; sourceTree = "<group>"; };
		9f8843c1591e0b5a1403d306 /* src/ltable.c */ = {isa = PBXFileReference; fileEncoding = 4; lastKnownFileType = sourcecode.c.c; name = "ltable.c"; path = "../../../../external/lua-5.2.2/src/ltable.c"; sourceTree = "<group>"; };
		3c18856cd939db69f8aaf358 /* src/ltable.h */ = {isa = PBXFileReference; fileEncoding = 4; lastKnownFileType = sourcecode.c.h; name = "ltable.h"; path = "../../../../external/lua-5.2.2/src/ltable.h"; sourceTree = "<group>"; };
		59ad7a25a065979bce038819 /* src/ltablib.c */ = {isa = PBXFileReference; fileEncoding = 4; lastKnownFileType = sourcecode.c.c; name = "ltablib.c"; path = "../../../../external/lua-5.2.2/src/ltablib.c"; sourceTree = "<group>"; };
		0629361ff73fb52d4839c0e5 /* src/ltm.c */ = {isa = PBXFileReference; fileEncoding = 4; lastKnownFileType = sourcecode.c.c; name = "ltm.c"; path = "../../../../external/lua-5.2.2/src/ltm.c"; sourceTree = "<group>"; };
		1cde9683f785fc092e929d46 /* src/ltm.h */ = {isa = PBXFileReference; fileEncoding = 4; lastKnownFileType = sourcecode.c.h; name = "ltm.h"; path = "../../../../external/lua-5.2.2/src/ltm.h"; sourceTree = "<group>"; };
		089af03e15cfb986dfb609ff /* src/lundump.c */ = {isa = PBXFileReference; fileEncoding = 4; lastKnownFileType = sourcecode.c.c; name = "lundump.c"; path = "../../../../external/lua-5.2.2/src/lundump.c"; sourceTree = "<group>"; };
		a212fef8a66830a5080243da /* src/lundump.h */ = {isa = PBXFileReference; fileEncoding = 4; lastKnownFileType = sourcecode.c.h; name = "lundump.h"; path = "../../../../external/lua-5.2.2/src/lundump.h"; sourceTree = "<group>"; };
		73908853352fc199e9697d29 /* src/lvm.c */ = {isa = PBXFileReference; fileEncoding = 4; lastKnownFileType = sourcecode.c.c; name = "lvm.c"; path = "../../../../external/lua-5.2.2/src/lvm.c"; sourceTree = "<group>"; };
		2abd137226537761d846e3dc /* src/lvm.h */ = {isa = PBXFileReference; fileEncoding = 4; lastKnownFileType = sourcecode.c.h; name = "lvm.h"; path = "../../../../external/lua-5.2.2/src/lvm.h"; sourceTree = "<group>"; };
		6fa265bb5e55cd88fdc1cecc /* src/lzio.c */ = {isa = PBXFileReference; fileEncoding = 4; lastKnownFileType = sourcecode.c.c; name = "lzio.c"; path = "../../../../external/lua-5.2.2/src/lzio.c"; sourceTree = "<group>"; };
		c1d24f1f19bef4dacd4da42a /* src/lzio.h */ = {isa = PBXFileReference; fileEncoding = 4; lastKnownFileType = sourcecode.c.h; name = "lzio.h"; path = "../../../../external/lua-5.2.2/src/lzio.h"; sourceTree = "<group>"; };
/* End PBXFileReference section */

/* Begin PBXFrameworksBuildPhase section */
		BE854EDF18CA1112008EAFCD /* Frameworks */ = {
			isa = PBXFrameworksBuildPhase;
			buildActionMask = 2147483647;
			files = (
			);
			runOnlyForDeploymentPostprocessing = 0;
		};
/* End PBXFrameworksBuildPhase section */

/* Begin PBXGroup section */
		BE854ED918CA1112008EAFCD = {
			isa = PBXGroup;
			children = (
				BE854EEF18CA1112008EAFCD /* Source */,
				BE854EE418CA1337008EAFCD /* Resources */,
				BE854EE418CA1112008EAFCD /* Frameworks */,
				BE854EE318CA1112008EAFCD /* Products */,
			);
			sourceTree = "<group>";
		};
		BE854EE318CA1112008EAFCD /* Products */ = {
			isa = PBXGroup;
			children = (
				81411b41119b152d1752d0c5 /* lua */,
			);
			name = Products;
			sourceTree = "<group>";
		};
		BE854EE418CA1112008EAFCD /* Frameworks */ = {
			isa = PBXGroup;
			children = (
			);
			name = Frameworks;
			sourceTree = "<group>";
		};
		BE854EEF18CA1112008EAFCD /* Source */ = {
			isa = PBXGroup;
			children = (
				84d741d99d2002e407be703b,
				3adfbb3aaef01d4d68595499,
			);
			name = "Source";
			sourceTree = "<group>";
		};	
		3adfbb3aaef01d4d68595499 /* src */ = {
			isa = PBXGroup;
			children = (
				c3eb7eef20318df14b0237a2,
				356861d12ba0bb5f8037233f,
				fd2c572aea66baf7751d879f,
				75469a7ec0310ad19534553d,
				17a66320920e2bc7c2812391,
				7b0d33a9e679c55d1d249517,
				6c4bb086a413e4e404716e12,
				ba40a4699901921a87bb701e,
				1e0facfc25ce775331de8473,
				f2bed08c404f5dd2fafcf9d5,
				59aa1bf477bb0af62fa80e4c,
				9e6dffb646e314441511612b,
				df52d4c91f5c476b40eb541f,
				25a45ae2bc8fa85c5f5fbea4,
				fdad82734a8a71bb1b26e4f2,
				66270f05e17726990a394595,
				469309a31a8dff599938a52c,
				2b64010b5471bff13beb60cf,
				5801eceac8fb36aa38cbaa91,
				6d9e6ae7289be7defa5a7380,
				fe9d1f917ee2bd2900d97bec,
				58f3644a74bb5f057df018e1,
				a2f65d2c20f47214105f5a46,
				aa1e200a939917cede80c701,
				5fc129fd65e2c53b991a944e,
				943c59508e92d5596e370177,
				07c383da772bb4903010eb45,
				9a19f4f10cbc8e43794d3a50,
				0595dec494acac2e6ce8b18a,
				35b7f795a3f720c89290e2fe,
				8f7ff5645a7dd3dbd40ccfa3,
				fecf6cb49b4e7fba9e9d4a8e,
				77d99f269e96ccafb602c870,
				27de22c919e87c764d6de622,
				d29eb8d67c3269809926ac09,
				5984fdd2cf54aca2630d6cfb,
				49c07974291c8fa8b966414a,
				5bc15c7fce6bb44504127b11,
				6c22255d2fc373b30e3fb75c,
				c72022f8f51639c1a7429d68,
				91916df222a68c98d0b63cd5,
				9f8843c1591e0b5a1403d306,
				3c18856cd939db69f8aaf358,
				59ad7a25a065979bce038819,
				0629361ff73fb52d4839c0e5,
				1cde9683f785fc092e929d46,
				089af03e15cfb986dfb609ff,
				a212fef8a66830a5080243da,
				73908853352fc199e9697d29,
				2abd137226537761d846e3dc,
				6fa265bb5e55cd88fdc1cecc,
				c1d24f1f19bef4dacd4da42a,
			);
			name = "src";
			sourceTree = "<group>";
		};
/* End PBXGroup section */
/* Begin PBXNativeTarget section */
		b6849c608220bcb74870cb8b /* lua */ = {
			isa = PBXNativeTarget;
			buildConfigurationList = BE854F1F18CA1112008EAFCD /* Build configuration list for PBXNativeTarget "lua" */;
			buildPhases = (
				BE854EDE18CA1112008EAFCD /* Sources */,
				BE854EDF18CA1112008EAFCD /* Frameworks */,
				BE854EE018CA1112008EAFCD /* Resources */,
			);
			buildRules = (
			);
			dependencies = (
			);
			name = lua;
			productName = lua;
			productReference = 81411b41119b152d1752d0c5 /* lua */;
			productType = "com.apple.product-type.library.static";
		};
/* End PBXNativeTarget section */
/* Begin PBXProject section */
		dcaa68305eedaf399fa3ad0b /* Project object */ = {
			isa = PBXProject;
			attributes = {
				LastUpgradeCheck = 0500;
				ORGANIZATIONNAME = metabuild;
			};
			buildConfigurationList = BE854EDD18CA1112008EAFCD /* Build configuration list for PBXProject "lua" */;
			compatibilityVersion = "Xcode 3.2";
			developmentRegion = English;
			hasScannedForEncodings = 0;
			knownRegions = (
				en,
				Base,
			);
			mainGroup = BE854ED918CA1112008EAFCD;
			productRefGroup = BE854EE318CA1112008EAFCD /* Products */;
			projectDirPath = "";
			projectRoot = "";
			projectReferences = (
			);
			targets = (
				b6849c608220bcb74870cb8b /* lua */,
			);
		};
/* End PBXProject section */

/* Begin PBXReferenceProxy section */
/* End PBXReferenceProxy section */
/* Begin PBXResourcesBuildPhase section */
		BE854EE018CA1112008EAFCD /* Resources */ = {
			isa = PBXResourcesBuildPhase;
			buildActionMask = 2147483647;
			files = (
			);
			runOnlyForDeploymentPostprocessing = 0;
		};
/* End PBXResourcesBuildPhase section */
/* Begin PBXSourcesBuildPhase section */
		BE854EDE18CA1112008EAFCD /* Sources */ = {
			isa = PBXSourcesBuildPhase;
			buildActionMask = 2147483647;
			files = (
				dc5130956e364b1a520fac39 /* src/lapi.c */,
				637d37863e9ca3a4f4a1a4bc /* src/lauxlib.c */,
				5195462243d9432656892f92 /* src/lbaselib.c */,
				b4340c89d2c63580d2302768 /* src/lbitlib.c */,
				0601256839317f14be372c3d /* src/lcode.c */,
				1dffe032c0ee5879662a9262 /* src/lcorolib.c */,
				ec61e5cbf54cf5303bb7b3d6 /* src/lctype.c */,
				69aa101017dde07a56a7ec74 /* src/ldblib.c */,
				95fd478e2f5e3bd2513ad1fa /* src/ldebug.c */,
				6d675a37970de1d0b5272224 /* src/ldo.c */,
				c68a0b972317a621e2cfce6a /* src/ldump.c */,
				9843ea0b98856204f3b983a3 /* src/lfunc.c */,
				37a45aa846a542fcc86175cf /* src/lgc.c */,
				2578d548a6901232d1ba616f /* src/linit.c */,
				5afffdc4afda5b83af97bbf2 /* src/liolib.c */,
				23213b09436685ef88705ef1 /* src/llex.c */,
				124c80c042c8cb45479ce20c /* src/lmathlib.c */,
				11b06f336c491d9fe2623d93 /* src/lmem.c */,
				f9ebc0fd693049ac7b10e74c /* src/loadlib.c */,
				eada8b6895e79192f4733244 /* src/lobject.c */,
				aaf1fd942f4d54173d40790a /* src/lopcodes.c */,
				085c4c222d78dd4457237fb1 /* src/loslib.c */,
				7c589c825f879a7995c5e74c /* src/lparser.c */,
				aaae1b5625a34e0a0e50dae5 /* src/lstate.c */,
				b15942936bc18db8f1379929 /* src/lstring.c */,
				730b38e5c34ab17214043bf4 /* src/lstrlib.c */,
				5776ebe56e09bd97c9c5ef6b /* src/ltable.c */,
				3b6f1526969016a4a71b2642 /* src/ltablib.c */,
				bd6ca42fa3e49c2454f7bf0e /* src/ltm.c */,
				4406e1dbd01e31361a9778f5 /* src/lundump.c */,
				17f2be5ef0bd7321edd10580 /* src/lvm.c */,
				3e4f6b4550ee05feddf5d6f4 /* src/lzio.c */,
			);
			runOnlyForDeploymentPostprocessing = 0;
		};
/* End PBXSourcesBuildPhase section */
/* Begin PBXTargetDependency section */
/* End PBXTargetDependency section */
/* Begin PBXVariantGroup section */
		BE854EF218CA1112008EAFCD /* InfoPlist.strings */ = {
			isa = PBXVariantGroup;
			children = (
				BE854EF318CA1112008EAFCD /* en */,
			);
			name = InfoPlist.strings;
			sourceTree = "<group>";
		};
		BE854EFB18CA1112008EAFCD /* Main_iPhone.storyboard */ = {
			isa = PBXVariantGroup;
			children = (
				BE854EFC18CA1112008EAFCD /* Base */,
			);
			name = Main_iPhone.storyboard;
			sourceTree = "<group>";
		};
		BE854EFE18CA1112008EAFCD /* Main_iPad.storyboard */ = {
			isa = PBXVariantGroup;
			children = (
				BE854EFF18CA1112008EAFCD /* Base */,
			);
			name = Main_iPad.storyboard;
			sourceTree = "<group>";
		};
		BE854F1818CA1112008EAFCD /* InfoPlist.strings */ = {
			isa = PBXVariantGroup;
			children = (
				BE854F1918CA1112008EAFCD /* en */,
			);
			name = InfoPlist.strings;
			sourceTree = "<group>";
		};
/* End PBXVariantGroup section */

/* Begin XCBuildConfiguration section */
		49d451386633dbfe3f876e79 /* Debug */ = {
			isa = XCBuildConfiguration;
			buildSettings = {
				ALWAYS_SEARCH_USER_PATHS=NO;
				ASSETCATALOG_COMPILER_APPICON_NAME=AppIcon;
				ASSETCATALOG_COMPILER_LAUNCHIMAGE_NAME=LaunchImage;
				CLANG_CXX_LANGUAGE_STANDARD="gnu++0x";
				CLANG_CXX_LIBRARY="libc++";
				CLANG_ENABLE_OBJC_ARC=YES;
				CLANG_WARN_BOOL_CONVERSION=YES;
				CLANG_WARN_CONSTANT_CONVERSION=YES;
				CLANG_WARN_DIRECT_OBJC_ISA_USAGE=YES_ERROR;
				CLANG_WARN_EMPTY_BODY=YES;
				CLANG_WARN_ENUM_CONVERSION=YES;
				CLANG_WARN_INT_CONVERSION=YES;
				CLANG_WARN_OBJC_ROOT_CLASS=YES_ERROR;
				CLANG_WARN__DUPLICATE_METHOD_MATCH=YES;
				COMBINE_HIDPI_IMAGES=YES;
				COPY_PHASE_STRIP=NO;
				GCC_C_LANGUAGE_STANDARD=gnu99;
				GCC_DYNAMIC_NO_PIC=NO;
				GCC_ENABLE_OBJC_EXCEPTIONS=YES;
				GCC_PRECOMPILE_PREFIX_HEADER=NO;
				GCC_SYMBOLS_PRIVATE_EXTERN=NO;
				GCC_WARN_64_TO_32_BIT_CONVERSION=YES;
				GCC_WARN_ABOUT_RETURN_TYPE=YES_ERROR;
				GCC_WARN_UNDECLARED_SELECTOR=YES;
				GCC_WARN_UNUSED_FUNCTION=YES;
				GCC_WARN_UNUSED_VARIABLE=YES;
				MACOSX_DEPLOYMENT_TARGET=10.9;
				ONLY_ACTIVE_ARCH=YES;
				PRODUCT_NAME="$(TARGET_NAME)";
				SDKROOT=macosx;
				GCC_PREPROCESSOR_DEFINITIONS = (
					"METABUILDER",
					"PLATFORM_OSX",
					"PLATFORM_POSIX",
					"BUILD_CONFIG_DEBUG",
					"$(inherited)",
				);
				HEADER_SEARCH_PATHS = (
					"$(inherited)",
					"/Applications/Xcode.app/Contents/Developer/Toolchains/XcodeDefault.xctoolchain/usr/include",
					"../../../../external/lua-5.2.2/src",
				);
				FRAMEWORK_SEARCH_PATHS = (
					"$(inherited)",
				);

			};
			name = Debug;
		};
		4a0ea5a4fb918231c62cf3cb /* Release */ = {
			isa = XCBuildConfiguration;
			buildSettings = {
				ALWAYS_SEARCH_USER_PATHS=NO;
				ASSETCATALOG_COMPILER_APPICON_NAME=AppIcon;
				ASSETCATALOG_COMPILER_LAUNCHIMAGE_NAME=LaunchImage;
				CLANG_CXX_LANGUAGE_STANDARD="gnu++0x";
				CLANG_CXX_LIBRARY="libc++";
				CLANG_ENABLE_OBJC_ARC=YES;
				CLANG_WARN_BOOL_CONVERSION=YES;
				CLANG_WARN_CONSTANT_CONVERSION=YES;
				CLANG_WARN_DIRECT_OBJC_ISA_USAGE=YES_ERROR;
				CLANG_WARN_EMPTY_BODY=YES;
				CLANG_WARN_ENUM_CONVERSION=YES;
				CLANG_WARN_INT_CONVERSION=YES;
				CLANG_WARN_OBJC_ROOT_CLASS=YES_ERROR;
				CLANG_WARN__DUPLICATE_METHOD_MATCH=YES;
				COMBINE_HIDPI_IMAGES=YES;
				COPY_PHASE_STRIP=YES;
				DEBUG_INFORMATION_FORMAT=dwarf-with-dsym;
				ENABLE_NS_ASSERTIONS=NO;
				GCC_C_LANGUAGE_STANDARD=gnu99;
				GCC_DYNAMIC_NO_PIC=NO;
				GCC_ENABLE_OBJC_EXCEPTIONS=YES;
				GCC_PRECOMPILE_PREFIX_HEADER=NO;
				GCC_SYMBOLS_PRIVATE_EXTERN=NO;
				GCC_WARN_64_TO_32_BIT_CONVERSION=YES;
				GCC_WARN_ABOUT_RETURN_TYPE=YES_ERROR;
				GCC_WARN_UNDECLARED_SELECTOR=YES;
				GCC_WARN_UNUSED_FUNCTION=YES;
				GCC_WARN_UNUSED_VARIABLE=YES;
				MACOSX_DEPLOYMENT_TARGET=10.9;
				ONLY_ACTIVE_ARCH=YES;
				PRODUCT_NAME="$(TARGET_NAME)";
				SDKROOT=macosx;
				GCC_PREPROCESSOR_DEFINITIONS = (
					"METABUILDER",
					"PLATFORM_OSX",
					"PLATFORM_POSIX",
					"BUILD_CONFIG_RELEASE",
					"$(inherited)",
				);
				HEADER_SEARCH_PATHS = (
					"$(inherited)",
					"/Applications/Xcode.app/Contents/Developer/Toolchains/XcodeDefault.xctoolchain/usr/include",
					"../../../../external/lua-5.2.2/src",
				);
				FRAMEWORK_SEARCH_PATHS = (
					"$(inherited)",
				);

			};
			name = Release;
		};
		b42d713e63fa73a3426a4ecc /* Master */ = {
			isa = XCBuildConfiguration;
			buildSettings = {
				ALWAYS_SEARCH_USER_PATHS=NO;
				ASSETCATALOG_COMPILER_APPICON_NAME=AppIcon;
				ASSETCATALOG_COMPILER_LAUNCHIMAGE_NAME=LaunchImage;
				CLANG_CXX_LANGUAGE_STANDARD="gnu++0x";
				CLANG_CXX_LIBRARY="libc++";
				CLANG_ENABLE_OBJC_ARC=YES;
				CLANG_WARN_BOOL_CONVERSION=YES;
				CLANG_WARN_CONSTANT_CONVERSION=YES;
				CLANG_WARN_DIRECT_OBJC_ISA_USAGE=YES_ERROR;
				CLANG_WARN_EMPTY_BODY=YES;
				CLANG_WARN_ENUM_CONVERSION=YES;
				CLANG_WARN_INT_CONVERSION=YES;
				CLANG_WARN_OBJC_ROOT_CLASS=YES_ERROR;
				CLANG_WARN__DUPLICATE_METHOD_MATCH=YES;
				COMBINE_HIDPI_IMAGES=YES;
				COPY_PHASE_STRIP=YES;
				DEBUG_INFORMATION_FORMAT=dwarf-with-dsym;
				ENABLE_NS_ASSERTIONS=NO;
				GCC_C_LANGUAGE_STANDARD=gnu99;
				GCC_DYNAMIC_NO_PIC=NO;
				GCC_ENABLE_OBJC_EXCEPTIONS=YES;
				GCC_PRECOMPILE_PREFIX_HEADER=NO;
				GCC_SYMBOLS_PRIVATE_EXTERN=NO;
				GCC_WARN_64_TO_32_BIT_CONVERSION=YES;
				GCC_WARN_ABOUT_RETURN_TYPE=YES_ERROR;
				GCC_WARN_UNDECLARED_SELECTOR=YES;
				GCC_WARN_UNUSED_FUNCTION=YES;
				GCC_WARN_UNUSED_VARIABLE=YES;
				MACOSX_DEPLOYMENT_TARGET=10.9;
				ONLY_ACTIVE_ARCH=YES;
				PRODUCT_NAME="$(TARGET_NAME)";
				SDKROOT=macosx;
				GCC_PREPROCESSOR_DEFINITIONS = (
					"METABUILDER",
					"PLATFORM_OSX",
					"PLATFORM_POSIX",
					"BUILD_CONFIG_MASTER",
					"$(inherited)",
				);
				HEADER_SEARCH_PATHS = (
					"$(inherited)",
					"/Applications/Xcode.app/Contents/Developer/Toolchains/XcodeDefault.xctoolchain/usr/include",
					"../../../../external/lua-5.2.2/src",
				);
				FRAMEWORK_SEARCH_PATHS = (
					"$(inherited)",
				);

			};
			name = Master;
		};
		e5db3ca5043852b85b0bb656 /* Debug */ = {
			isa = XCBuildConfiguration;
			buildSettings = {
				ASSETCATALOG_COMPILER_APPICON_NAME = AppIcon;
				ASSETCATALOG_COMPILER_LAUNCHIMAGE_NAME = LaunchImage;
				GCC_PRECOMPILE_PREFIX_HEADER = NO;
				PRODUCT_NAME = "$(TARGET_NAME)";
				SKIP_INSTALL = YES;
			};
			name = Debug;
		};
		89623650718842935bdeb97a /* Release */ = {
			isa = XCBuildConfiguration;
			buildSettings = {
				ASSETCATALOG_COMPILER_APPICON_NAME = AppIcon;
				ASSETCATALOG_COMPILER_LAUNCHIMAGE_NAME = LaunchImage;
				GCC_PRECOMPILE_PREFIX_HEADER = NO;
				PRODUCT_NAME = "$(TARGET_NAME)";
				SKIP_INSTALL = YES;
			};
			name = Release;
		};
		e5b6ea2b556a7cf9f83728e6 /* Master */ = {
			isa = XCBuildConfiguration;
			buildSettings = {
				ASSETCATALOG_COMPILER_APPICON_NAME = AppIcon;
				ASSETCATALOG_COMPILER_LAUNCHIMAGE_NAME = LaunchImage;
				GCC_PRECOMPILE_PREFIX_HEADER = NO;
				PRODUCT_NAME = "$(TARGET_NAME)";
				SKIP_INSTALL = YES;
			};
			name = Master;
		};
/* End XCBuildConfiguration section */

/* Begin XCConfigurationList section */
		BE854EDD18CA1112008EAFCD /* Build configuration list for PBXProject lua */ = {
			isa = XCConfigurationList;
			buildConfigurations = (
				49d451386633dbfe3f876e79 /* Debug */,
				4a0ea5a4fb918231c62cf3cb /* Release */,
				b42d713e63fa73a3426a4ecc /* Master */,
			);
			defaultConfigurationIsVisible = 0;
			defaultConfigurationName = Release;
		};
		BE854F1F18CA1112008EAFCD /* Build configuration list for PBXNativeTarget lua */ = {
			isa = XCConfigurationList;
			buildConfigurations = (
				e5db3ca5043852b85b0bb656 /* Debug */,
				89623650718842935bdeb97a /* Release */,
				e5b6ea2b556a7cf9f83728e6 /* Master */,
			);
			defaultConfigurationIsVisible = 0;
		};
/* End XCConfigurationList section */

	};
	rootObject = dcaa68305eedaf399fa3ad0b /* Project object */;
}
