<?xml version="1.0" encoding="utf-8"?>
<Project ToolsVersion="4.0" xmlns="http://schemas.microsoft.com/developer/msbuild/2003">
  <ItemGroup>
  </ItemGroup>
  <ItemGroup>
   <ClCompile Include="..\..\..\..\external\dlmalloc-2.8.6\dlmalloc.cpp">
      <Filter></Filter>
   </ClCompile>
   <None Include="..\..\..\..\external\dlmalloc-2.8.6\metabuilder.lua">
      <Filter></Filter>
   </None>
   <ClInclude Include="..\..\..\..\external\dlmalloc-2.8.6\dlmalloc.h">
      <Filter></Filter>
   </ClInclude>
  </ItemGroup>
</Project>
